
Microsoft Visual Studio Solution File, Format Version 12.00
# Visual Studio 15
VisualStudioVersion = 15.0.27428.2043
MinimumVisualStudioVersion = 10.0.40219.1
Project("{2150E333-8FDC-42A3-9474-1A3956D46DE8}") = "Core", "Core", "{39B42DA0-4CD6-4512-B09E-6E17650A69AE}"
EndProject
Project("{2150E333-8FDC-42A3-9474-1A3956D46DE8}") = "Api", "Api", "{13C75EDE-B6D5-4CFC-A7F1-2DC89071AB24}"
EndProject
Project("{FAE04EC0-301F-11D3-BF4B-00C04F79EFBC}") = "ConfigReader", "ConfigReader\ConfigReader.csproj", "{812826B6-A310-473F-A64E-56F13D3F19DE}"
EndProject
Project("{9A19103F-16F7-4668-BE54-9A1E7A4F7556}") = "ConfigurationApi", "ConfigurationApi\ConfigurationApi.csproj", "{63274BF7-2151-4713-9BD9-0E39044FDF5F}"
EndProject
Project("{2150E333-8FDC-42A3-9474-1A3956D46DE8}") = "RabbitMq", "RabbitMq", "{66A63CF8-5A53-42F4-A3C4-D9A2C5D95A2C}"
EndProject
Project("{FAE04EC0-301F-11D3-BF4B-00C04F79EFBC}") = "RabbitMqService", "RabbitMqService\RabbitMqService.csproj", "{DABEB07E-EECA-4271-A0F1-FA1ED84AF9B6}"
EndProject
Global
	GlobalSection(SolutionConfigurationPlatforms) = preSolution
		Debug|Any CPU = Debug|Any CPU
		Release|Any CPU = Release|Any CPU
	EndGlobalSection
	GlobalSection(ProjectConfigurationPlatforms) = postSolution
		{812826B6-A310-473F-A64E-56F13D3F19DE}.Debug|Any CPU.ActiveCfg = Debug|Any CPU
		{812826B6-A310-473F-A64E-56F13D3F19DE}.Debug|Any CPU.Build.0 = Debug|Any CPU
		{812826B6-A310-473F-A64E-56F13D3F19DE}.Release|Any CPU.ActiveCfg = Release|Any CPU
		{812826B6-A310-473F-A64E-56F13D3F19DE}.Release|Any CPU.Build.0 = Release|Any CPU
		{63274BF7-2151-4713-9BD9-0E39044FDF5F}.Debug|Any CPU.ActiveCfg = Debug|Any CPU
		{63274BF7-2151-4713-9BD9-0E39044FDF5F}.Debug|Any CPU.Build.0 = Debug|Any CPU
		{63274BF7-2151-4713-9BD9-0E39044FDF5F}.Release|Any CPU.ActiveCfg = Release|Any CPU
		{63274BF7-2151-4713-9BD9-0E39044FDF5F}.Release|Any CPU.Build.0 = Release|Any CPU
		{DABEB07E-EECA-4271-A0F1-FA1ED84AF9B6}.Debug|Any CPU.ActiveCfg = Debug|Any CPU
		{DABEB07E-EECA-4271-A0F1-FA1ED84AF9B6}.Debug|Any CPU.Build.0 = Debug|Any CPU
		{DABEB07E-EECA-4271-A0F1-FA1ED84AF9B6}.Release|Any CPU.ActiveCfg = Release|Any CPU
		{DABEB07E-EECA-4271-A0F1-FA1ED84AF9B6}.Release|Any CPU.Build.0 = Release|Any CPU
	EndGlobalSection
	GlobalSection(SolutionProperties) = preSolution
		HideSolutionNode = FALSE
	EndGlobalSection
	GlobalSection(NestedProjects) = preSolution
		{812826B6-A310-473F-A64E-56F13D3F19DE} = {39B42DA0-4CD6-4512-B09E-6E17650A69AE}
		{63274BF7-2151-4713-9BD9-0E39044FDF5F} = {13C75EDE-B6D5-4CFC-A7F1-2DC89071AB24}
		{DABEB07E-EECA-4271-A0F1-FA1ED84AF9B6} = {66A63CF8-5A53-42F4-A3C4-D9A2C5D95A2C}
	EndGlobalSection
	GlobalSection(ExtensibilityGlobals) = postSolution
		SolutionGuid = {A6A4CAE7-8B6D-49AC-B6F3-F0DBB5244298}
	EndGlobalSection
EndGlobal
